// !$*UTF8*$!
{
	archiveVersion = 1;
	classes = {
	};
	objectVersion = 50;
	objects = {

/* Begin PBXBuildFile section */
		D3883F9926FB561D00E4E545 /* Visual_TrigonometryApp.swift in Sources */ = {isa = PBXBuildFile; fileRef = D3883F9826FB561D00E4E545 /* Visual_TrigonometryApp.swift */; };
		D3883F9D26FB562100E4E545 /* Assets.xcassets in Resources */ = {isa = PBXBuildFile; fileRef = D3883F9C26FB562100E4E545 /* Assets.xcassets */; };
		D3883FA026FB562100E4E545 /* Preview Assets.xcassets in Resources */ = {isa = PBXBuildFile; fileRef = D3883F9F26FB562100E4E545 /* Preview Assets.xcassets */; };
		D3983F582700DFB800FE35C0 /* SimpleElements.swift in Sources */ = {isa = PBXBuildFile; fileRef = D3983F572700DFB800FE35C0 /* SimpleElements.swift */; };
		D3983F5A2700E08600FE35C0 /* Errors.swift in Sources */ = {isa = PBXBuildFile; fileRef = D3983F592700E08600FE35C0 /* Errors.swift */; };
		D3983F5C2700E09D00FE35C0 /* Handler.swift in Sources */ = {isa = PBXBuildFile; fileRef = D3983F5B2700E09D00FE35C0 /* Handler.swift */; };
		D3983F5E2700E11E00FE35C0 /* SystemOfElements.swift in Sources */ = {isa = PBXBuildFile; fileRef = D3983F5D2700E11E00FE35C0 /* SystemOfElements.swift */; };
		D3DC46EB270B905400BB0797 /* ContentView.swift in Sources */ = {isa = PBXBuildFile; fileRef = D3883F9A26FB561D00E4E545 /* ContentView.swift */; };
/* End PBXBuildFile section */

/* Begin PBXFileReference section */
		D3883F9526FB561D00E4E545 /* Visual Trigonometry.app */ = {isa = PBXFileReference; explicitFileType = wrapper.application; includeInIndex = 0; path = "Visual Trigonometry.app"; sourceTree = BUILT_PRODUCTS_DIR; };
		D3883F9826FB561D00E4E545 /* Visual_TrigonometryApp.swift */ = {isa = PBXFileReference; lastKnownFileType = sourcecode.swift; path = Visual_TrigonometryApp.swift; sourceTree = "<group>"; };
		D3883F9A26FB561D00E4E545 /* ContentView.swift */ = {isa = PBXFileReference; lastKnownFileType = sourcecode.swift; path = ContentView.swift; sourceTree = "<group>"; };
		D3883F9C26FB562100E4E545 /* Assets.xcassets */ = {isa = PBXFileReference; lastKnownFileType = folder.assetcatalog; path = Assets.xcassets; sourceTree = "<group>"; };
		D3883F9F26FB562100E4E545 /* Preview Assets.xcassets */ = {isa = PBXFileReference; lastKnownFileType = folder.assetcatalog; path = "Preview Assets.xcassets"; sourceTree = "<group>"; };
		D3883FA126FB562100E4E545 /* Info.plist */ = {isa = PBXFileReference; lastKnownFileType = text.plist.xml; path = Info.plist; sourceTree = "<group>"; };
		D3983F572700DFB800FE35C0 /* SimpleElements.swift */ = {isa = PBXFileReference; lastKnownFileType = sourcecode.swift; path = SimpleElements.swift; sourceTree = "<group>"; };
		D3983F592700E08600FE35C0 /* Errors.swift */ = {isa = PBXFileReference; lastKnownFileType = sourcecode.swift; path = Errors.swift; sourceTree = "<group>"; };
		D3983F5B2700E09D00FE35C0 /* Handler.swift */ = {isa = PBXFileReference; lastKnownFileType = sourcecode.swift; path = Handler.swift; sourceTree = "<group>"; };
		D3983F5D2700E11E00FE35C0 /* SystemOfElements.swift */ = {isa = PBXFileReference; lastKnownFileType = sourcecode.swift; path = SystemOfElements.swift; sourceTree = "<group>"; };
/* End PBXFileReference section */

/* Begin PBXFrameworksBuildPhase section */
		D3883F9226FB561D00E4E545 /* Frameworks */ = {
			isa = PBXFrameworksBuildPhase;
			buildActionMask = 2147483647;
			files = (
			);
			runOnlyForDeploymentPostprocessing = 0;
		};
/* End PBXFrameworksBuildPhase section */

/* Begin PBXGroup section */
		D3883F8C26FB561D00E4E545 = {
			isa = PBXGroup;
			children = (
				D3883F9726FB561D00E4E545 /* Visual Trigonometry */,
				D3883F9626FB561D00E4E545 /* Products */,
			);
			sourceTree = "<group>";
		};
		D3883F9626FB561D00E4E545 /* Products */ = {
			isa = PBXGroup;
			children = (
				D3883F9526FB561D00E4E545 /* Visual Trigonometry.app */,
			);
			name = Products;
			sourceTree = "<group>";
		};
		D3883F9726FB561D00E4E545 /* Visual Trigonometry */ = {
			isa = PBXGroup;
			children = (
				D3883F9826FB561D00E4E545 /* Visual_TrigonometryApp.swift */,
				D3883F9A26FB561D00E4E545 /* ContentView.swift */,
				D3983F5D2700E11E00FE35C0 /* SystemOfElements.swift */,
				D3983F592700E08600FE35C0 /* Errors.swift */,
				D3983F5B2700E09D00FE35C0 /* Handler.swift */,
				D3983F572700DFB800FE35C0 /* SimpleElements.swift */,
				D3883F9C26FB562100E4E545 /* Assets.xcassets */,
				D3883FA126FB562100E4E545 /* Info.plist */,
				D3883F9E26FB562100E4E545 /* Preview Content */,
			);
			path = "Visual Trigonometry";
			sourceTree = "<group>";
		};
		D3883F9E26FB562100E4E545 /* Preview Content */ = {
			isa = PBXGroup;
			children = (
				D3883F9F26FB562100E4E545 /* Preview Assets.xcassets */,
			);
			path = "Preview Content";
			sourceTree = "<group>";
		};
/* End PBXGroup section */

/* Begin PBXNativeTarget section */
		D3883F9426FB561D00E4E545 /* Visual Trigonometry */ = {
			isa = PBXNativeTarget;
			buildConfigurationList = D3883FA426FB562100E4E545 /* Build configuration list for PBXNativeTarget "Visual Trigonometry" */;
			buildPhases = (
				D3883F9126FB561D00E4E545 /* Sources */,
				D3883F9226FB561D00E4E545 /* Frameworks */,
				D3883F9326FB561D00E4E545 /* Resources */,
			);
			buildRules = (
			);
			dependencies = (
			);
			name = "Visual Trigonometry";
			productName = "Visual Trigonometry";
			productReference = D3883F9526FB561D00E4E545 /* Visual Trigonometry.app */;
			productType = "com.apple.product-type.application";
		};
/* End PBXNativeTarget section */

/* Begin PBXProject section */
		D3883F8D26FB561D00E4E545 /* Project object */ = {
			isa = PBXProject;
			attributes = {
				LastSwiftUpdateCheck = 1250;
				LastUpgradeCheck = 1250;
				TargetAttributes = {
					D3883F9426FB561D00E4E545 = {
						CreatedOnToolsVersion = 12.5.1;
					};
				};
			};
			buildConfigurationList = D3883F9026FB561D00E4E545 /* Build configuration list for PBXProject "Visual Trigonometry" */;
			compatibilityVersion = "Xcode 9.3";
			developmentRegion = en;
			hasScannedForEncodings = 0;
			knownRegions = (
				en,
				Base,
			);
			mainGroup = D3883F8C26FB561D00E4E545;
			productRefGroup = D3883F9626FB561D00E4E545 /* Products */;
			projectDirPath = "";
			projectRoot = "";
			targets = (
				D3883F9426FB561D00E4E545 /* Visual Trigonometry */,
			);
		};
/* End PBXProject section */

/* Begin PBXResourcesBuildPhase section */
		D3883F9326FB561D00E4E545 /* Resources */ = {
			isa = PBXResourcesBuildPhase;
			buildActionMask = 2147483647;
			files = (
				D3883FA026FB562100E4E545 /* Preview Assets.xcassets in Resources */,
				D3883F9D26FB562100E4E545 /* Assets.xcassets in Resources */,
			);
			runOnlyForDeploymentPostprocessing = 0;
		};
/* End PBXResourcesBuildPhase section */

/* Begin PBXSourcesBuildPhase section */
		D3883F9126FB561D00E4E545 /* Sources */ = {
			isa = PBXSourcesBuildPhase;
			buildActionMask = 2147483647;
			files = (
				D3983F5E2700E11E00FE35C0 /* SystemOfElements.swift in Sources */,
				D3983F5A2700E08600FE35C0 /* Errors.swift in Sources */,
				D3DC46EB270B905400BB0797 /* ContentView.swift in Sources */,
				D3883F9926FB561D00E4E545 /* Visual_TrigonometryApp.swift in Sources */,
				D3983F5C2700E09D00FE35C0 /* Handler.swift in Sources */,
				D3983F582700DFB800FE35C0 /* SimpleElements.swift in Sources */,
			);
			runOnlyForDeploymentPostprocessing = 0;
		};
/* End PBXSourcesBuildPhase section */

/* Begin XCBuildConfiguration section */
		D3883FA226FB562100E4E545 /* Debug */ = {
			isa = XCBuildConfiguration;
			buildSettings = {
				ALWAYS_SEARCH_USER_PATHS = NO;
				CLANG_ANALYZER_NONNULL = YES;
				CLANG_ANALYZER_NUMBER_OBJECT_CONVERSION = YES_AGGRESSIVE;
				CLANG_CXX_LANGUAGE_STANDARD = "gnu++14";
				CLANG_CXX_LIBRARY = "libc++";
				CLANG_ENABLE_MODULES = YES;
				CLANG_ENABLE_OBJC_ARC = YES;
				CLANG_ENABLE_OBJC_WEAK = YES;
				CLANG_WARN_BLOCK_CAPTURE_AUTORELEASING = YES;
				CLANG_WARN_BOOL_CONVERSION = YES;
				CLANG_WARN_COMMA = YES;
				CLANG_WARN_CONSTANT_CONVERSION = YES;
				CLANG_WARN_DEPRECATED_OBJC_IMPLEMENTATIONS = YES;
				CLANG_WARN_DIRECT_OBJC_ISA_USAGE = YES_ERROR;
				CLANG_WARN_DOCUMENTATION_COMMENTS = YES;
				CLANG_WARN_EMPTY_BODY = YES;
				CLANG_WARN_ENUM_CONVERSION = YES;
				CLANG_WARN_INFINITE_RECURSION = YES;
				CLANG_WARN_INT_CONVERSION = YES;
				CLANG_WARN_NON_LITERAL_NULL_CONVERSION = YES;
				CLANG_WARN_OBJC_IMPLICIT_RETAIN_SELF = YES;
				CLANG_WARN_OBJC_LITERAL_CONVERSION = YES;
				CLANG_WARN_OBJC_ROOT_CLASS = YES_ERROR;
				CLANG_WARN_QUOTED_INCLUDE_IN_FRAMEWORK_HEADER = YES;
				CLANG_WARN_RANGE_LOOP_ANALYSIS = YES;
				CLANG_WARN_STRICT_PROTOTYPES = YES;
				CLANG_WARN_SUSPICIOUS_MOVE = YES;
				CLANG_WARN_UNGUARDED_AVAILABILITY = YES_AGGRESSIVE;
				CLANG_WARN_UNREACHABLE_CODE = YES;
				CLANG_WARN__DUPLICATE_METHOD_MATCH = YES;
				COPY_PHASE_STRIP = NO;
				DEBUG_INFORMATION_FORMAT = dwarf;
				ENABLE_STRICT_OBJC_MSGSEND = YES;
				ENABLE_TESTABILITY = YES;
				GCC_C_LANGUAGE_STANDARD = gnu11;
				GCC_DYNAMIC_NO_PIC = NO;
				GCC_NO_COMMON_BLOCKS = YES;
				GCC_OPTIMIZATION_LEVEL = 0;
				GCC_PREPROCESSOR_DEFINITIONS = (
					"DEBUG=1",
					"$(inherited)",
				);
				GCC_WARN_64_TO_32_BIT_CONVERSION = YES;
				GCC_WARN_ABOUT_RETURN_TYPE = YES_ERROR;
				GCC_WARN_UNDECLARED_SELECTOR = YES;
				GCC_WARN_UNINITIALIZED_AUTOS = YES_AGGRESSIVE;
				GCC_WARN_UNUSED_FUNCTION = YES;
				GCC_WARN_UNUSED_VARIABLE = YES;
				IPHONEOS_DEPLOYMENT_TARGET = 14.5;
				MTL_ENABLE_DEBUG_INFO = INCLUDE_SOURCE;
				MTL_FAST_MATH = YES;
				ONLY_ACTIVE_ARCH = YES;
				SDKROOT = iphoneos;
				SWIFT_ACTIVE_COMPILATION_CONDITIONS = DEBUG;
				SWIFT_OPTIMIZATION_LEVEL = "-Onone";
			};
			name = Debug;
		};
		D3883FA326FB562100E4E545 /* Release */ = {
			isa = XCBuildConfiguration;
			buildSettings = {
				ALWAYS_SEARCH_USER_PATHS = NO;
				CLANG_ANALYZER_NONNULL = YES;
				CLANG_ANALYZER_NUMBER_OBJECT_CONVERSION = YES_AGGRESSIVE;
				CLANG_CXX_LANGUAGE_STANDARD = "gnu++14";
				CLANG_CXX_LIBRARY = "libc++";
				CLANG_ENABLE_MODULES = YES;
				CLANG_ENABLE_OBJC_ARC = YES;
				CLANG_ENABLE_OBJC_WEAK = YES;
				CLANG_WARN_BLOCK_CAPTURE_AUTORELEASING = YES;
				CLANG_WARN_BOOL_CONVERSION = YES;
				CLANG_WARN_COMMA = YES;
				CLANG_WARN_CONSTANT_CONVERSION = YES;
				CLANG_WARN_DEPRECATED_OBJC_IMPLEMENTATIONS = YES;
				CLANG_WARN_DIRECT_OBJC_ISA_USAGE = YES_ERROR;
				CLANG_WARN_DOCUMENTATION_COMMENTS = YES;
				CLANG_WARN_EMPTY_BODY = YES;
				CLANG_WARN_ENUM_CONVERSION = YES;
				CLANG_WARN_INFINITE_RECURSION = YES;
				CLANG_WARN_INT_CONVERSION = YES;
				CLANG_WARN_NON_LITERAL_NULL_CONVERSION = YES;
				CLANG_WARN_OBJC_IMPLICIT_RETAIN_SELF = YES;
				CLANG_WARN_OBJC_LITERAL_CONVERSION = YES;
				CLANG_WARN_OBJC_ROOT_CLASS = YES_ERROR;
				CLANG_WARN_QUOTED_INCLUDE_IN_FRAMEWORK_HEADER = YES;
				CLANG_WARN_RANGE_LOOP_ANALYSIS = YES;
				CLANG_WARN_STRICT_PROTOTYPES = YES;
				CLANG_WARN_SUSPICIOUS_MOVE = YES;
				CLANG_WARN_UNGUARDED_AVAILABILITY = YES_AGGRESSIVE;
				CLANG_WARN_UNREACHABLE_CODE = YES;
				CLANG_WARN__DUPLICATE_METHOD_MATCH = YES;
				COPY_PHASE_STRIP = NO;
				DEBUG_INFORMATION_FORMAT = "dwarf-with-dsym";
				ENABLE_NS_ASSERTIONS = NO;
				ENABLE_STRICT_OBJC_MSGSEND = YES;
				GCC_C_LANGUAGE_STANDARD = gnu11;
				GCC_NO_COMMON_BLOCKS = YES;
				GCC_WARN_64_TO_32_BIT_CONVERSION = YES;
				GCC_WARN_ABOUT_RETURN_TYPE = YES_ERROR;
				GCC_WARN_UNDECLARED_SELECTOR = YES;
				GCC_WARN_UNINITIALIZED_AUTOS = YES_AGGRESSIVE;
				GCC_WARN_UNUSED_FUNCTION = YES;
				GCC_WARN_UNUSED_VARIABLE = YES;
				IPHONEOS_DEPLOYMENT_TARGET = 14.5;
				MTL_ENABLE_DEBUG_INFO = NO;
				MTL_FAST_MATH = YES;
				SDKROOT = iphoneos;
				SWIFT_COMPILATION_MODE = wholemodule;
				SWIFT_OPTIMIZATION_LEVEL = "-O";
				VALIDATE_PRODUCT = YES;
			};
			name = Release;
		};
		D3883FA526FB562100E4E545 /* Debug */ = {
			isa = XCBuildConfiguration;
			buildSettings = {
				ASSETCATALOG_COMPILER_APPICON_NAME = AppIcon;
				ASSETCATALOG_COMPILER_GLOBAL_ACCENT_COLOR_NAME = AccentColor;
				CODE_SIGN_STYLE = Automatic;
				DEVELOPMENT_ASSET_PATHS = "\"Visual Trigonometry/Preview Content\"";
				DEVELOPMENT_TEAM = M52WLQFE2R;
				ENABLE_PREVIEWS = YES;
				INFOPLIST_FILE = "Visual Trigonometry/Info.plist";
				IPHONEOS_DEPLOYMENT_TARGET = 15.0;
				LD_RUNPATH_SEARCH_PATHS = (
					"$(inherited)",
					"@executable_path/Frameworks",
				);
				PRODUCT_BUNDLE_IDENTIFIER = "Ilia-Chub.Visual-Trigonometry";
				PRODUCT_NAME = "$(TARGET_NAME)";
				SWIFT_VERSION = 5.0;
				TARGETED_DEVICE_FAMILY = 1;
			};
			name = Debug;
		};
		D3883FA626FB562100E4E545 /* Release */ = {
			isa = XCBuildConfiguration;
			buildSettings = {
				ASSETCATALOG_COMPILER_APPICON_NAME = AppIcon;
				ASSETCATALOG_COMPILER_GLOBAL_ACCENT_COLOR_NAME = AccentColor;
				CODE_SIGN_STYLE = Automatic;
				DEVELOPMENT_ASSET_PATHS = "\"Visual Trigonometry/Preview Content\"";
				DEVELOPMENT_TEAM = M52WLQFE2R;
				ENABLE_PREVIEWS = YES;
				INFOPLIST_FILE = "Visual Trigonometry/Info.plist";
				IPHONEOS_DEPLOYMENT_TARGET = 15.0;
				LD_RUNPATH_SEARCH_PATHS = (
					"$(inherited)",
					"@executable_path/Frameworks",
				);
				PRODUCT_BUNDLE_IDENTIFIER = "Ilia-Chub.Visual-Trigonometry";
				PRODUCT_NAME = "$(TARGET_NAME)";
				SWIFT_VERSION = 5.0;
				TARGETED_DEVICE_FAMILY = 1;
			};
			name = Release;
		};
/* End XCBuildConfiguration section */

/* Begin XCConfigurationList section */
		D3883F9026FB561D00E4E545 /* Build configuration list for PBXProject "Visual Trigonometry" */ = {
			isa = XCConfigurationList;
			buildConfigurations = (
				D3883FA226FB562100E4E545 /* Debug */,
				D3883FA326FB562100E4E545 /* Release */,
			);
			defaultConfigurationIsVisible = 0;
			defaultConfigurationName = Release;
		};
		D3883FA426FB562100E4E545 /* Build configuration list for PBXNativeTarget "Visual Trigonometry" */ = {
			isa = XCConfigurationList;
			buildConfigurations = (
				D3883FA526FB562100E4E545 /* Debug */,
				D3883FA626FB562100E4E545 /* Release */,
			);
			defaultConfigurationIsVisible = 0;
			defaultConfigurationName = Release;
		};
/* End XCConfigurationList section */
	};
	rootObject = D3883F8D26FB561D00E4E545 /* Project object */;
}
